
Microsoft Visual Studio Solution File, Format Version 12.00
# Visual Studio Version 17
VisualStudioVersion = 17.0.31903.59
MinimumVisualStudioVersion = 10.0.40219.1
Project("{FAE04EC0-301F-11D3-BF4B-00C04F79EFBC}") = "AppHost", "AppHost\AppHost.csproj", "{81587902-4F9C-4370-9318-29E4509F6BAE}"
EndProject
Project("{FAE04EC0-301F-11D3-BF4B-00C04F79EFBC}") = "ServiceDefaults", "ServiceDefaults\ServiceDefaults.csproj", "{3B230EB3-C0E8-4A48-80BE-B72AA6845F92}"
EndProject
Project("{2150E333-8FDC-42A3-9474-1A3956D46DE8}") = "Solution Items", "Solution Items", "{02EA681E-C7D8-13C7-8484-4AC65E1B71E8}"
	ProjectSection(SolutionItems) = preProject
		.editorconfig = .editorconfig
		Directory.Build.props = Directory.Build.props
		Directory.Packages.props = Directory.Packages.props
	EndProjectSection
EndProject
Global
	GlobalSection(SolutionConfigurationPlatforms) = preSolution
		Debug|Any CPU = Debug|Any CPU
		Debug|x64 = Debug|x64
		Debug|x86 = Debug|x86
		Release|Any CPU = Release|Any CPU
		Release|x64 = Release|x64
		Release|x86 = Release|x86
	EndGlobalSection
	GlobalSection(ProjectConfigurationPlatforms) = postSolution
		{81587902-4F9C-4370-9318-29E4509F6BAE}.Debug|Any CPU.ActiveCfg = Debug|Any CPU
		{81587902-4F9C-4370-9318-29E4509F6BAE}.Debug|Any CPU.Build.0 = Debug|Any CPU
		{81587902-4F9C-4370-9318-29E4509F6BAE}.Debug|x64.ActiveCfg = Debug|Any CPU
		{81587902-4F9C-4370-9318-29E4509F6BAE}.Debug|x64.Build.0 = Debug|Any CPU
		{81587902-4F9C-4370-9318-29E4509F6BAE}.Debug|x86.ActiveCfg = Debug|Any CPU
		{81587902-4F9C-4370-9318-29E4509F6BAE}.Debug|x86.Build.0 = Debug|Any CPU
		{81587902-4F9C-4370-9318-29E4509F6BAE}.Release|Any CPU.ActiveCfg = Release|Any CPU
		{81587902-4F9C-4370-9318-29E4509F6BAE}.Release|Any CPU.Build.0 = Release|Any CPU
		{81587902-4F9C-4370-9318-29E4509F6BAE}.Release|x64.ActiveCfg = Release|Any CPU
		{81587902-4F9C-4370-9318-29E4509F6BAE}.Release|x64.Build.0 = Release|Any CPU
		{81587902-4F9C-4370-9318-29E4509F6BAE}.Release|x86.ActiveCfg = Release|Any CPU
		{81587902-4F9C-4370-9318-29E4509F6BAE}.Release|x86.Build.0 = Release|Any CPU
		{3B230EB3-C0E8-4A48-80BE-B72AA6845F92}.Debug|Any CPU.ActiveCfg = Debug|Any CPU
		{3B230EB3-C0E8-4A48-80BE-B72AA6845F92}.Debug|Any CPU.Build.0 = Debug|Any CPU
		{3B230EB3-C0E8-4A48-80BE-B72AA6845F92}.Debug|x64.ActiveCfg = Debug|Any CPU
		{3B230EB3-C0E8-4A48-80BE-B72AA6845F92}.Debug|x64.Build.0 = Debug|Any CPU
		{3B230EB3-C0E8-4A48-80BE-B72AA6845F92}.Debug|x86.ActiveCfg = Debug|Any CPU
		{3B230EB3-C0E8-4A48-80BE-B72AA6845F92}.Debug|x86.Build.0 = Debug|Any CPU
		{3B230EB3-C0E8-4A48-80BE-B72AA6845F92}.Release|Any CPU.ActiveCfg = Release|Any CPU
		{3B230EB3-C0E8-4A48-80BE-B72AA6845F92}.Release|Any CPU.Build.0 = Release|Any CPU
		{3B230EB3-C0E8-4A48-80BE-B72AA6845F92}.Release|x64.ActiveCfg = Release|Any CPU
		{3B230EB3-C0E8-4A48-80BE-B72AA6845F92}.Release|x64.Build.0 = Release|Any CPU
		{3B230EB3-C0E8-4A48-80BE-B72AA6845F92}.Release|x86.ActiveCfg = Release|Any CPU
		{3B230EB3-C0E8-4A48-80BE-B72AA6845F92}.Release|x86.Build.0 = Release|Any CPU
	EndGlobalSection
	GlobalSection(SolutionProperties) = preSolution
		HideSolutionNode = FALSE
	EndGlobalSection
	GlobalSection(ExtensibilityGlobals) = postSolution
		SolutionGuid = {C4BDFFA3-3E02-4190-8F8F-089322A56909}
	EndGlobalSection
EndGlobal
